
Microsoft Visual Studio Solution File, Format Version 12.00
# Visual Studio Version 17
VisualStudioVersion = 17.4.33205.214
MinimumVisualStudioVersion = 10.0.40219.1
Project("{FAE04EC0-301F-11D3-BF4B-00C04F79EFBC}") = "AtividadeListas2", "AtividadeListas2\AtividadeListas2.csproj", "{74CB24FB-D04B-4DB7-B445-34A8613CF156}"
EndProject
Global
	GlobalSection(SolutionConfigurationPlatforms) = preSolution
		Debug|Any CPU = Debug|Any CPU
		Release|Any CPU = Release|Any CPU
	EndGlobalSection
	GlobalSection(ProjectConfigurationPlatforms) = postSolution
		{74CB24FB-D04B-4DB7-B445-34A8613CF156}.Debug|Any CPU.ActiveCfg = Debug|Any CPU
		{74CB24FB-D04B-4DB7-B445-34A8613CF156}.Debug|Any CPU.Build.0 = Debug|Any CPU
		{74CB24FB-D04B-4DB7-B445-34A8613CF156}.Release|Any CPU.ActiveCfg = Release|Any CPU
		{74CB24FB-D04B-4DB7-B445-34A8613CF156}.Release|Any CPU.Build.0 = Release|Any CPU
	EndGlobalSection
	GlobalSection(SolutionProperties) = preSolution
		HideSolutionNode = FALSE
	EndGlobalSection
	GlobalSection(ExtensibilityGlobals) = postSolution
		SolutionGuid = {4F20964E-B535-4BAB-9F11-3CA3F6CE7299}
	EndGlobalSection
EndGlobal
