
Microsoft Visual Studio Solution File, Format Version 12.00
# Visual Studio Version 17
VisualStudioVersion = 17.4.33205.214
MinimumVisualStudioVersion = 10.0.40219.1
Project("{FAE04EC0-301F-11D3-BF4B-00C04F79EFBC}") = "AtividadeLista1", "AtividadeLista1\AtividadeLista1.csproj", "{D3519E04-B32D-4DC2-8099-1F1279CB13E4}"
EndProject
Global
	GlobalSection(SolutionConfigurationPlatforms) = preSolution
		Debug|Any CPU = Debug|Any CPU
		Release|Any CPU = Release|Any CPU
	EndGlobalSection
	GlobalSection(ProjectConfigurationPlatforms) = postSolution
		{D3519E04-B32D-4DC2-8099-1F1279CB13E4}.Debug|Any CPU.ActiveCfg = Debug|Any CPU
		{D3519E04-B32D-4DC2-8099-1F1279CB13E4}.Debug|Any CPU.Build.0 = Debug|Any CPU
		{D3519E04-B32D-4DC2-8099-1F1279CB13E4}.Release|Any CPU.ActiveCfg = Release|Any CPU
		{D3519E04-B32D-4DC2-8099-1F1279CB13E4}.Release|Any CPU.Build.0 = Release|Any CPU
	EndGlobalSection
	GlobalSection(SolutionProperties) = preSolution
		HideSolutionNode = FALSE
	EndGlobalSection
	GlobalSection(ExtensibilityGlobals) = postSolution
		SolutionGuid = {590FE519-39C9-45FC-B9D0-21DECD0CCD33}
	EndGlobalSection
EndGlobal
