
Microsoft Visual Studio Solution File, Format Version 12.00
# Visual Studio Version 17
VisualStudioVersion = 17.4.33205.214
MinimumVisualStudioVersion = 10.0.40219.1
Project("{FAE04EC0-301F-11D3-BF4B-00C04F79EFBC}") = "Heranca", "Heranca\Heranca.csproj", "{DDD2603A-DB8A-4018-82F3-2A71F756DC26}"
EndProject
Global
	GlobalSection(SolutionConfigurationPlatforms) = preSolution
		Debug|Any CPU = Debug|Any CPU
		Release|Any CPU = Release|Any CPU
	EndGlobalSection
	GlobalSection(ProjectConfigurationPlatforms) = postSolution
		{DDD2603A-DB8A-4018-82F3-2A71F756DC26}.Debug|Any CPU.ActiveCfg = Debug|Any CPU
		{DDD2603A-DB8A-4018-82F3-2A71F756DC26}.Debug|Any CPU.Build.0 = Debug|Any CPU
		{DDD2603A-DB8A-4018-82F3-2A71F756DC26}.Release|Any CPU.ActiveCfg = Release|Any CPU
		{DDD2603A-DB8A-4018-82F3-2A71F756DC26}.Release|Any CPU.Build.0 = Release|Any CPU
	EndGlobalSection
	GlobalSection(SolutionProperties) = preSolution
		HideSolutionNode = FALSE
	EndGlobalSection
	GlobalSection(ExtensibilityGlobals) = postSolution
		SolutionGuid = {06C019E7-51F8-47B2-A937-F5094B42ECBA}
	EndGlobalSection
EndGlobal
