
Microsoft Visual Studio Solution File, Format Version 12.00
# Visual Studio Version 17
VisualStudioVersion = 17.4.33205.214
MinimumVisualStudioVersion = 10.0.40219.1
Project("{FAE04EC0-301F-11D3-BF4B-00C04F79EFBC}") = "Moto", "Moto\Moto.csproj", "{77C046E4-C043-4970-B3C2-C63AE7C7DC24}"
EndProject
Global
	GlobalSection(SolutionConfigurationPlatforms) = preSolution
		Debug|Any CPU = Debug|Any CPU
		Release|Any CPU = Release|Any CPU
	EndGlobalSection
	GlobalSection(ProjectConfigurationPlatforms) = postSolution
		{77C046E4-C043-4970-B3C2-C63AE7C7DC24}.Debug|Any CPU.ActiveCfg = Debug|Any CPU
		{77C046E4-C043-4970-B3C2-C63AE7C7DC24}.Debug|Any CPU.Build.0 = Debug|Any CPU
		{77C046E4-C043-4970-B3C2-C63AE7C7DC24}.Release|Any CPU.ActiveCfg = Release|Any CPU
		{77C046E4-C043-4970-B3C2-C63AE7C7DC24}.Release|Any CPU.Build.0 = Release|Any CPU
	EndGlobalSection
	GlobalSection(SolutionProperties) = preSolution
		HideSolutionNode = FALSE
	EndGlobalSection
	GlobalSection(ExtensibilityGlobals) = postSolution
		SolutionGuid = {F8DF52A7-F78D-4F9F-8D5A-CEB4ABCD11A6}
	EndGlobalSection
EndGlobal
